
Microsoft Visual Studio Solution File, Format Version 12.00
# Visual Studio Version 17
VisualStudioVersion = 17.7.34009.444
MinimumVisualStudioVersion = 10.0.40219.1
Project("{FAE04EC0-301F-11D3-BF4B-00C04F79EFBC}") = "PenSword", "PenSword.csproj", "{78E7E85F-C042-4E94-9522-17001A21330C}"
EndProject
Global
	GlobalSection(SolutionConfigurationPlatforms) = preSolution
		Debug|Any CPU = Debug|Any CPU
		Release|Any CPU = Release|Any CPU
	EndGlobalSection
	GlobalSection(ProjectConfigurationPlatforms) = postSolution
		{78E7E85F-C042-4E94-9522-17001A21330C}.Debug|Any CPU.ActiveCfg = Debug|Any CPU
		{78E7E85F-C042-4E94-9522-17001A21330C}.Debug|Any CPU.Build.0 = Debug|Any CPU
		{78E7E85F-C042-4E94-9522-17001A21330C}.Release|Any CPU.ActiveCfg = Release|Any CPU
		{78E7E85F-C042-4E94-9522-17001A21330C}.Release|Any CPU.Build.0 = Release|Any CPU
	EndGlobalSection
	GlobalSection(SolutionProperties) = preSolution
		HideSolutionNode = FALSE
	EndGlobalSection
	GlobalSection(ExtensibilityGlobals) = postSolution
		SolutionGuid = {72871E5D-9712-4DE6-B1E2-F852D2DC585B}
	EndGlobalSection
EndGlobal
